
Microsoft Visual Studio Solution File, Format Version 12.00
# Visual Studio 15
Project("{FAE04EC0-301F-11D3-BF4B-00C04F79EFBC}") = "Unity.XR.PICO", "Unity.XR.PICO.csproj", "{260284F8-413A-1166-4C71-713167255BC9}"
EndProject
Project("{FAE04EC0-301F-11D3-BF4B-00C04F79EFBC}") = "Assembly-CSharp", "Assembly-CSharp.csproj", "{B46EECF6-0991-D85A-1C14-2D28B884CEA4}"
EndProject
Project("{FAE04EC0-301F-11D3-BF4B-00C04F79EFBC}") = "Pico.Spatializer.Example", "Pico.Spatializer.Example.csproj", "{0B6F92A8-8304-01B6-ABE5-92C9FB036722}"
EndProject
Project("{FAE04EC0-301F-11D3-BF4B-00C04F79EFBC}") = "PICO.Platform", "PICO.Platform.csproj", "{B9E5042D-F695-26FB-CC72-A3EC163305CC}"
EndProject
Project("{FAE04EC0-301F-11D3-BF4B-00C04F79EFBC}") = "Pico.Spatializer", "Pico.Spatializer.csproj", "{25BF0758-0687-080D-EFFB-8FABD59A14E3}"
EndProject
Project("{FAE04EC0-301F-11D3-BF4B-00C04F79EFBC}") = "PICO.TobSupport", "PICO.TobSupport.csproj", "{0D44ABB2-3DD0-86EF-9A53-AD92E83A809A}"
EndProject
Project("{FAE04EC0-301F-11D3-BF4B-00C04F79EFBC}") = "Unity.XR.PICO.LivePreview", "Unity.XR.PICO.LivePreview.csproj", "{5C6B93FA-197B-6551-F229-AFB1D0F3A78D}"
EndProject
Project("{FAE04EC0-301F-11D3-BF4B-00C04F79EFBC}") = "Unity.XR.PICO.LivePreview.Editor", "Unity.XR.PICO.LivePreview.Editor.csproj", "{BB6580EF-852D-3E40-24CE-27A2B44AADF1}"
EndProject
Project("{FAE04EC0-301F-11D3-BF4B-00C04F79EFBC}") = "Unity.XR.PICO.Editor", "Unity.XR.PICO.Editor.csproj", "{B71627BD-150C-77B4-6579-D932B03E48C0}"
EndProject
Project("{FAE04EC0-301F-11D3-BF4B-00C04F79EFBC}") = "PICO.Platform.Editor", "PICO.Platform.Editor.csproj", "{564D5B19-FD7A-62CB-8644-A3BACB9E067B}"
EndProject
Project("{FAE04EC0-301F-11D3-BF4B-00C04F79EFBC}") = "Unity.XR.Interaction.Toolkit.Samples.StarterAssets", "Unity.XR.Interaction.Toolkit.Samples.StarterAssets.csproj", "{12589BBE-920F-BA61-8DD5-27F89CC14B3D}"
EndProject
Project("{FAE04EC0-301F-11D3-BF4B-00C04F79EFBC}") = "Pico.Spatializer.Editor", "Pico.Spatializer.Editor.csproj", "{7800E567-0F1D-10BB-B284-14FC62EEAB3B}"
EndProject
Project("{FAE04EC0-301F-11D3-BF4B-00C04F79EFBC}") = "Unity.XR.Interaction.Toolkit.Samples.DeviceSimulator", "Unity.XR.Interaction.Toolkit.Samples.DeviceSimulator.csproj", "{9E899F9B-4429-1956-74B0-8BE40E0A2659}"
EndProject
Global
	GlobalSection(SolutionConfigurationPlatforms) = preSolution
		Debug|Any CPU = Debug|Any CPU
		Release|Any CPU = Release|Any CPU
	EndGlobalSection
	GlobalSection(ProjectConfigurationPlatforms) = postSolution
		{260284F8-413A-1166-4C71-713167255BC9}.Debug|Any CPU.ActiveCfg = Debug|Any CPU
		{260284F8-413A-1166-4C71-713167255BC9}.Debug|Any CPU.Build.0 = Debug|Any CPU
		{260284F8-413A-1166-4C71-713167255BC9}.Release|Any CPU.ActiveCfg = Release|Any CPU
		{260284F8-413A-1166-4C71-713167255BC9}.Release|Any CPU.Build.0 = Release|Any CPU
		{B46EECF6-0991-D85A-1C14-2D28B884CEA4}.Debug|Any CPU.ActiveCfg = Debug|Any CPU
		{B46EECF6-0991-D85A-1C14-2D28B884CEA4}.Debug|Any CPU.Build.0 = Debug|Any CPU
		{B46EECF6-0991-D85A-1C14-2D28B884CEA4}.Release|Any CPU.ActiveCfg = Release|Any CPU
		{B46EECF6-0991-D85A-1C14-2D28B884CEA4}.Release|Any CPU.Build.0 = Release|Any CPU
		{0B6F92A8-8304-01B6-ABE5-92C9FB036722}.Debug|Any CPU.ActiveCfg = Debug|Any CPU
		{0B6F92A8-8304-01B6-ABE5-92C9FB036722}.Debug|Any CPU.Build.0 = Debug|Any CPU
		{0B6F92A8-8304-01B6-ABE5-92C9FB036722}.Release|Any CPU.ActiveCfg = Release|Any CPU
		{0B6F92A8-8304-01B6-ABE5-92C9FB036722}.Release|Any CPU.Build.0 = Release|Any CPU
		{B9E5042D-F695-26FB-CC72-A3EC163305CC}.Debug|Any CPU.ActiveCfg = Debug|Any CPU
		{B9E5042D-F695-26FB-CC72-A3EC163305CC}.Debug|Any CPU.Build.0 = Debug|Any CPU
		{B9E5042D-F695-26FB-CC72-A3EC163305CC}.Release|Any CPU.ActiveCfg = Release|Any CPU
		{B9E5042D-F695-26FB-CC72-A3EC163305CC}.Release|Any CPU.Build.0 = Release|Any CPU
		{25BF0758-0687-080D-EFFB-8FABD59A14E3}.Debug|Any CPU.ActiveCfg = Debug|Any CPU
		{25BF0758-0687-080D-EFFB-8FABD59A14E3}.Debug|Any CPU.Build.0 = Debug|Any CPU
		{25BF0758-0687-080D-EFFB-8FABD59A14E3}.Release|Any CPU.ActiveCfg = Release|Any CPU
		{25BF0758-0687-080D-EFFB-8FABD59A14E3}.Release|Any CPU.Build.0 = Release|Any CPU
		{0D44ABB2-3DD0-86EF-9A53-AD92E83A809A}.Debug|Any CPU.ActiveCfg = Debug|Any CPU
		{0D44ABB2-3DD0-86EF-9A53-AD92E83A809A}.Debug|Any CPU.Build.0 = Debug|Any CPU
		{0D44ABB2-3DD0-86EF-9A53-AD92E83A809A}.Release|Any CPU.ActiveCfg = Release|Any CPU
		{0D44ABB2-3DD0-86EF-9A53-AD92E83A809A}.Release|Any CPU.Build.0 = Release|Any CPU
		{5C6B93FA-197B-6551-F229-AFB1D0F3A78D}.Debug|Any CPU.ActiveCfg = Debug|Any CPU
		{5C6B93FA-197B-6551-F229-AFB1D0F3A78D}.Debug|Any CPU.Build.0 = Debug|Any CPU
		{5C6B93FA-197B-6551-F229-AFB1D0F3A78D}.Release|Any CPU.ActiveCfg = Release|Any CPU
		{5C6B93FA-197B-6551-F229-AFB1D0F3A78D}.Release|Any CPU.Build.0 = Release|Any CPU
		{BB6580EF-852D-3E40-24CE-27A2B44AADF1}.Debug|Any CPU.ActiveCfg = Debug|Any CPU
		{BB6580EF-852D-3E40-24CE-27A2B44AADF1}.Debug|Any CPU.Build.0 = Debug|Any CPU
		{BB6580EF-852D-3E40-24CE-27A2B44AADF1}.Release|Any CPU.ActiveCfg = Release|Any CPU
		{BB6580EF-852D-3E40-24CE-27A2B44AADF1}.Release|Any CPU.Build.0 = Release|Any CPU
		{B71627BD-150C-77B4-6579-D932B03E48C0}.Debug|Any CPU.ActiveCfg = Debug|Any CPU
		{B71627BD-150C-77B4-6579-D932B03E48C0}.Debug|Any CPU.Build.0 = Debug|Any CPU
		{B71627BD-150C-77B4-6579-D932B03E48C0}.Release|Any CPU.ActiveCfg = Release|Any CPU
		{B71627BD-150C-77B4-6579-D932B03E48C0}.Release|Any CPU.Build.0 = Release|Any CPU
		{564D5B19-FD7A-62CB-8644-A3BACB9E067B}.Debug|Any CPU.ActiveCfg = Debug|Any CPU
		{564D5B19-FD7A-62CB-8644-A3BACB9E067B}.Debug|Any CPU.Build.0 = Debug|Any CPU
		{564D5B19-FD7A-62CB-8644-A3BACB9E067B}.Release|Any CPU.ActiveCfg = Release|Any CPU
		{564D5B19-FD7A-62CB-8644-A3BACB9E067B}.Release|Any CPU.Build.0 = Release|Any CPU
		{12589BBE-920F-BA61-8DD5-27F89CC14B3D}.Debug|Any CPU.ActiveCfg = Debug|Any CPU
		{12589BBE-920F-BA61-8DD5-27F89CC14B3D}.Debug|Any CPU.Build.0 = Debug|Any CPU
		{12589BBE-920F-BA61-8DD5-27F89CC14B3D}.Release|Any CPU.ActiveCfg = Release|Any CPU
		{12589BBE-920F-BA61-8DD5-27F89CC14B3D}.Release|Any CPU.Build.0 = Release|Any CPU
		{7800E567-0F1D-10BB-B284-14FC62EEAB3B}.Debug|Any CPU.ActiveCfg = Debug|Any CPU
		{7800E567-0F1D-10BB-B284-14FC62EEAB3B}.Debug|Any CPU.Build.0 = Debug|Any CPU
		{7800E567-0F1D-10BB-B284-14FC62EEAB3B}.Release|Any CPU.ActiveCfg = Release|Any CPU
		{7800E567-0F1D-10BB-B284-14FC62EEAB3B}.Release|Any CPU.Build.0 = Release|Any CPU
		{9E899F9B-4429-1956-74B0-8BE40E0A2659}.Debug|Any CPU.ActiveCfg = Debug|Any CPU
		{9E899F9B-4429-1956-74B0-8BE40E0A2659}.Debug|Any CPU.Build.0 = Debug|Any CPU
		{9E899F9B-4429-1956-74B0-8BE40E0A2659}.Release|Any CPU.ActiveCfg = Release|Any CPU
		{9E899F9B-4429-1956-74B0-8BE40E0A2659}.Release|Any CPU.Build.0 = Release|Any CPU
	EndGlobalSection
	GlobalSection(SolutionProperties) = preSolution
		HideSolutionNode = FALSE
	EndGlobalSection
EndGlobal
